
Microsoft Visual Studio Solution File, Format Version 12.00
# Visual Studio Version 17
VisualStudioVersion = 17.8.34330.188
MinimumVisualStudioVersion = 10.0.40219.1
Project("{FAE04EC0-301F-11D3-BF4B-00C04F79EFBC}") = "NewsLetterAPI", "NewsLetterAPI\NewsLetterAPI.csproj", "{9628ADF4-9218-4299-B6B6-06720160F612}"
EndProject
Global
	GlobalSection(SolutionConfigurationPlatforms) = preSolution
		Debug|Any CPU = Debug|Any CPU
		Release|Any CPU = Release|Any CPU
	EndGlobalSection
	GlobalSection(ProjectConfigurationPlatforms) = postSolution
		{9628ADF4-9218-4299-B6B6-06720160F612}.Debug|Any CPU.ActiveCfg = Debug|Any CPU
		{9628ADF4-9218-4299-B6B6-06720160F612}.Debug|Any CPU.Build.0 = Debug|Any CPU
		{9628ADF4-9218-4299-B6B6-06720160F612}.Release|Any CPU.ActiveCfg = Release|Any CPU
		{9628ADF4-9218-4299-B6B6-06720160F612}.Release|Any CPU.Build.0 = Release|Any CPU
	EndGlobalSection
	GlobalSection(SolutionProperties) = preSolution
		HideSolutionNode = FALSE
	EndGlobalSection
	GlobalSection(ExtensibilityGlobals) = postSolution
		SolutionGuid = {0DC3F7F8-9708-4EA6-9F40-386F696D902A}
	EndGlobalSection
EndGlobal
